# THIS IS AN AUTOGENERATED FILE. DO NOT EDIT THIS FILE DIRECTLY.
# yarn lockfile v1


"@types/node@*":
  version "14.6.2"
  resolved "https://registry.yarnpkg.com/@types/node/-/node-14.6.2.tgz#264b44c5a28dfa80198fc2f7b6d3c8a054b9491f"
  integrity sha512-onlIwbaeqvZyniGPfdw/TEhKIh79pz66L1q06WUQqJLnAb6wbjvOtepLYTGHTqzdXgBYIE3ZdmqHDGsRsbBz7A==

"@types/puppeteer@^3.0.1":
  version "3.0.1"
  resolved "https://registry.yarnpkg.com/@types/puppeteer/-/puppeteer-3.0.1.tgz#053ec20facc162b25a64785affccaa3e5817c607"
  integrity sha512-t03eNKCvWJXhQ8wkc5C6GYuSqMEdKLOX0GLMGtks25YZr38wKZlKTwGM/BoAPVtdysX7Bb9tdwrDS1+NrW3RRA==
  dependencies:
    "@types/node" "*"
